
Microsoft Visual Studio Solution File, Format Version 12.00
# Visual Studio Version 17
VisualStudioVersion = 17.14.36109.1 d17.14
MinimumVisualStudioVersion = 10.0.40219.1
Project("{FAE04EC0-301F-11D3-BF4B-00C04F79EFBC}") = "DbScriptRunner", "DbScriptRunner.csproj", "{D1F863D8-72FA-286B-1797-2AB527A5C908}"
EndProject
Global
	GlobalSection(SolutionConfigurationPlatforms) = preSolution
		Debug|Any CPU = Debug|Any CPU
		Release|Any CPU = Release|Any CPU
	EndGlobalSection
	GlobalSection(ProjectConfigurationPlatforms) = postSolution
		{D1F863D8-72FA-286B-1797-2AB527A5C908}.Debug|Any CPU.ActiveCfg = Debug|Any CPU
		{D1F863D8-72FA-286B-1797-2AB527A5C908}.Debug|Any CPU.Build.0 = Debug|Any CPU
		{D1F863D8-72FA-286B-1797-2AB527A5C908}.Release|Any CPU.ActiveCfg = Release|Any CPU
		{D1F863D8-72FA-286B-1797-2AB527A5C908}.Release|Any CPU.Build.0 = Release|Any CPU
	EndGlobalSection
	GlobalSection(SolutionProperties) = preSolution
		HideSolutionNode = FALSE
	EndGlobalSection
	GlobalSection(ExtensibilityGlobals) = postSolution
		SolutionGuid = {FFAEF617-0902-47EB-9C78-334D8E2DEEE7}
	EndGlobalSection
EndGlobal
